
Microsoft Visual Studio Solution File, Format Version 12.00
# Visual Studio Version 16
VisualStudioVersion = 16.0.31005.135
MinimumVisualStudioVersion = 10.0.40219.1
Project("{FAE04EC0-301F-11D3-BF4B-00C04F79EFBC}") = "Zadanie3", "Zadanie3\Zadanie3.csproj", "{B04D7FFC-CB7C-4A4A-90E9-D8FB8DC9D118}"
EndProject
Project("{FAE04EC0-301F-11D3-BF4B-00C04F79EFBC}") = "Grid_Class", "Grid_Class\Grid_Class.csproj", "{797FB1AD-C60E-427D-882E-BEDAD3AA297E}"
EndProject
Global
	GlobalSection(SolutionConfigurationPlatforms) = preSolution
		Debug|Any CPU = Debug|Any CPU
		Release|Any CPU = Release|Any CPU
	EndGlobalSection
	GlobalSection(ProjectConfigurationPlatforms) = postSolution
		{B04D7FFC-CB7C-4A4A-90E9-D8FB8DC9D118}.Debug|Any CPU.ActiveCfg = Debug|Any CPU
		{B04D7FFC-CB7C-4A4A-90E9-D8FB8DC9D118}.Debug|Any CPU.Build.0 = Debug|Any CPU
		{B04D7FFC-CB7C-4A4A-90E9-D8FB8DC9D118}.Release|Any CPU.ActiveCfg = Release|Any CPU
		{B04D7FFC-CB7C-4A4A-90E9-D8FB8DC9D118}.Release|Any CPU.Build.0 = Release|Any CPU
		{797FB1AD-C60E-427D-882E-BEDAD3AA297E}.Debug|Any CPU.ActiveCfg = Debug|Any CPU
		{797FB1AD-C60E-427D-882E-BEDAD3AA297E}.Debug|Any CPU.Build.0 = Debug|Any CPU
		{797FB1AD-C60E-427D-882E-BEDAD3AA297E}.Release|Any CPU.ActiveCfg = Release|Any CPU
		{797FB1AD-C60E-427D-882E-BEDAD3AA297E}.Release|Any CPU.Build.0 = Release|Any CPU
	EndGlobalSection
	GlobalSection(SolutionProperties) = preSolution
		HideSolutionNode = FALSE
	EndGlobalSection
	GlobalSection(ExtensibilityGlobals) = postSolution
		SolutionGuid = {508A5128-F565-4388-9046-BCCF0431C098}
	EndGlobalSection
EndGlobal
