
Microsoft Visual Studio Solution File, Format Version 12.00
# Visual Studio Version 16
VisualStudioVersion = 16.0.31005.135
MinimumVisualStudioVersion = 10.0.40219.1
Project("{FAE04EC0-301F-11D3-BF4B-00C04F79EFBC}") = "Zadanie1.2.2", "Zadanie1.2.2\Zadanie1.2.2.csproj", "{FC94D7B4-AB53-498F-9F70-53DA230D45A5}"
EndProject
Global
	GlobalSection(SolutionConfigurationPlatforms) = preSolution
		Debug|Any CPU = Debug|Any CPU
		Release|Any CPU = Release|Any CPU
	EndGlobalSection
	GlobalSection(ProjectConfigurationPlatforms) = postSolution
		{FC94D7B4-AB53-498F-9F70-53DA230D45A5}.Debug|Any CPU.ActiveCfg = Debug|Any CPU
		{FC94D7B4-AB53-498F-9F70-53DA230D45A5}.Debug|Any CPU.Build.0 = Debug|Any CPU
		{FC94D7B4-AB53-498F-9F70-53DA230D45A5}.Release|Any CPU.ActiveCfg = Release|Any CPU
		{FC94D7B4-AB53-498F-9F70-53DA230D45A5}.Release|Any CPU.Build.0 = Release|Any CPU
	EndGlobalSection
	GlobalSection(SolutionProperties) = preSolution
		HideSolutionNode = FALSE
	EndGlobalSection
	GlobalSection(ExtensibilityGlobals) = postSolution
		SolutionGuid = {5A956F18-0633-49B2-B92F-D1C2424F282B}
	EndGlobalSection
EndGlobal
