
Microsoft Visual Studio Solution File, Format Version 12.00
# Visual Studio Version 16
VisualStudioVersion = 16.0.32126.315
MinimumVisualStudioVersion = 10.0.40219.1
Project("{FAE04EC0-301F-11D3-BF4B-00C04F79EFBC}") = "Zadanie2", "Zadanie2\Zadanie2.csproj", "{261A05DE-BB3E-4AF2-AA92-846CB07A82CC}"
EndProject
Global
	GlobalSection(SolutionConfigurationPlatforms) = preSolution
		Debug|Any CPU = Debug|Any CPU
		Release|Any CPU = Release|Any CPU
	EndGlobalSection
	GlobalSection(ProjectConfigurationPlatforms) = postSolution
		{261A05DE-BB3E-4AF2-AA92-846CB07A82CC}.Debug|Any CPU.ActiveCfg = Debug|Any CPU
		{261A05DE-BB3E-4AF2-AA92-846CB07A82CC}.Debug|Any CPU.Build.0 = Debug|Any CPU
		{261A05DE-BB3E-4AF2-AA92-846CB07A82CC}.Release|Any CPU.ActiveCfg = Release|Any CPU
		{261A05DE-BB3E-4AF2-AA92-846CB07A82CC}.Release|Any CPU.Build.0 = Release|Any CPU
	EndGlobalSection
	GlobalSection(SolutionProperties) = preSolution
		HideSolutionNode = FALSE
	EndGlobalSection
	GlobalSection(ExtensibilityGlobals) = postSolution
		SolutionGuid = {B0A82F96-F7F0-4849-97CB-B386F2BF3A65}
	EndGlobalSection
EndGlobal
