
Microsoft Visual Studio Solution File, Format Version 12.00
# Visual Studio Version 16
VisualStudioVersion = 16.0.31005.135
MinimumVisualStudioVersion = 10.0.40219.1
Project("{FAE04EC0-301F-11D3-BF4B-00C04F79EFBC}") = "Zadanie1", "Zadanie1\Zadanie1.csproj", "{A39AC730-39EC-401B-951B-9E91DD86A01C}"
EndProject
Global
	GlobalSection(SolutionConfigurationPlatforms) = preSolution
		Debug|Any CPU = Debug|Any CPU
		Release|Any CPU = Release|Any CPU
	EndGlobalSection
	GlobalSection(ProjectConfigurationPlatforms) = postSolution
		{A39AC730-39EC-401B-951B-9E91DD86A01C}.Debug|Any CPU.ActiveCfg = Debug|Any CPU
		{A39AC730-39EC-401B-951B-9E91DD86A01C}.Debug|Any CPU.Build.0 = Debug|Any CPU
		{A39AC730-39EC-401B-951B-9E91DD86A01C}.Release|Any CPU.ActiveCfg = Release|Any CPU
		{A39AC730-39EC-401B-951B-9E91DD86A01C}.Release|Any CPU.Build.0 = Release|Any CPU
	EndGlobalSection
	GlobalSection(SolutionProperties) = preSolution
		HideSolutionNode = FALSE
	EndGlobalSection
	GlobalSection(ExtensibilityGlobals) = postSolution
		SolutionGuid = {CE8F2832-E9C2-4BEE-8D94-71FEB3E0D911}
	EndGlobalSection
EndGlobal
