
Microsoft Visual Studio Solution File, Format Version 12.00
# Visual Studio Version 16
VisualStudioVersion = 16.0.31005.135
MinimumVisualStudioVersion = 10.0.40219.1
Project("{FAE04EC0-301F-11D3-BF4B-00C04F79EFBC}") = "Zadanie2", "Zadanie2\Zadanie2.csproj", "{968231D7-5A3A-4258-844A-6162E33A18CD}"
EndProject
Global
	GlobalSection(SolutionConfigurationPlatforms) = preSolution
		Debug|Any CPU = Debug|Any CPU
		Release|Any CPU = Release|Any CPU
	EndGlobalSection
	GlobalSection(ProjectConfigurationPlatforms) = postSolution
		{968231D7-5A3A-4258-844A-6162E33A18CD}.Debug|Any CPU.ActiveCfg = Debug|Any CPU
		{968231D7-5A3A-4258-844A-6162E33A18CD}.Debug|Any CPU.Build.0 = Debug|Any CPU
		{968231D7-5A3A-4258-844A-6162E33A18CD}.Release|Any CPU.ActiveCfg = Release|Any CPU
		{968231D7-5A3A-4258-844A-6162E33A18CD}.Release|Any CPU.Build.0 = Release|Any CPU
	EndGlobalSection
	GlobalSection(SolutionProperties) = preSolution
		HideSolutionNode = FALSE
	EndGlobalSection
	GlobalSection(ExtensibilityGlobals) = postSolution
		SolutionGuid = {59B7F208-05E2-482A-ACCF-C60568CD9860}
	EndGlobalSection
EndGlobal
