
Microsoft Visual Studio Solution File, Format Version 12.00
# Visual Studio Version 16
VisualStudioVersion = 16.0.31005.135
MinimumVisualStudioVersion = 10.0.40219.1
Project("{FAE04EC0-301F-11D3-BF4B-00C04F79EFBC}") = "Zadanie2.3.4", "Zadanie2.3.4\Zadanie2.3.4.csproj", "{90A29277-789A-4745-A21C-E9D526690377}"
EndProject
Global
	GlobalSection(SolutionConfigurationPlatforms) = preSolution
		Debug|Any CPU = Debug|Any CPU
		Release|Any CPU = Release|Any CPU
	EndGlobalSection
	GlobalSection(ProjectConfigurationPlatforms) = postSolution
		{90A29277-789A-4745-A21C-E9D526690377}.Debug|Any CPU.ActiveCfg = Debug|Any CPU
		{90A29277-789A-4745-A21C-E9D526690377}.Debug|Any CPU.Build.0 = Debug|Any CPU
		{90A29277-789A-4745-A21C-E9D526690377}.Release|Any CPU.ActiveCfg = Release|Any CPU
		{90A29277-789A-4745-A21C-E9D526690377}.Release|Any CPU.Build.0 = Release|Any CPU
	EndGlobalSection
	GlobalSection(SolutionProperties) = preSolution
		HideSolutionNode = FALSE
	EndGlobalSection
	GlobalSection(ExtensibilityGlobals) = postSolution
		SolutionGuid = {2B589723-3FC8-4A0B-8EF1-F5E68B603711}
	EndGlobalSection
EndGlobal
