
Microsoft Visual Studio Solution File, Format Version 12.00
# Visual Studio Version 16
VisualStudioVersion = 16.0.31005.135
MinimumVisualStudioVersion = 10.0.40219.1
Project("{FAE04EC0-301F-11D3-BF4B-00C04F79EFBC}") = "Zadanie2.3.2", "Zadanie2.3.2\Zadanie2.3.2.csproj", "{E10845C0-E421-44A8-87B1-9F460C727366}"
EndProject
Global
	GlobalSection(SolutionConfigurationPlatforms) = preSolution
		Debug|Any CPU = Debug|Any CPU
		Release|Any CPU = Release|Any CPU
	EndGlobalSection
	GlobalSection(ProjectConfigurationPlatforms) = postSolution
		{E10845C0-E421-44A8-87B1-9F460C727366}.Debug|Any CPU.ActiveCfg = Debug|Any CPU
		{E10845C0-E421-44A8-87B1-9F460C727366}.Debug|Any CPU.Build.0 = Debug|Any CPU
		{E10845C0-E421-44A8-87B1-9F460C727366}.Release|Any CPU.ActiveCfg = Release|Any CPU
		{E10845C0-E421-44A8-87B1-9F460C727366}.Release|Any CPU.Build.0 = Release|Any CPU
	EndGlobalSection
	GlobalSection(SolutionProperties) = preSolution
		HideSolutionNode = FALSE
	EndGlobalSection
	GlobalSection(ExtensibilityGlobals) = postSolution
		SolutionGuid = {65621860-878A-4B3C-9B8A-D63931A9B87F}
	EndGlobalSection
EndGlobal
